# THIS IS AN AUTOGENERATED FILE. DO NOT EDIT THIS FILE DIRECTLY.
# yarn lockfile v1


markov-generator@^1.2.2:
  version "1.2.2"
  resolved "https://registry.yarnpkg.com/markov-generator/-/markov-generator-1.2.2.tgz#8536b339a3e4ccb219fe0f08cc40c646c7e2807d"
  integrity sha1-hTazOaPkzLIZ/g8IzEDGRsfigH0=

sentence-generator@^1.0.1:
  version "1.0.1"
  resolved "https://registry.yarnpkg.com/sentence-generator/-/sentence-generator-1.0.1.tgz#78dd6d773731344361b3038ef70871471dbdfa57"
  integrity sha1-eN1tdzcxNENhswOO9whxRx29+lc=
